
Microsoft Visual Studio Solution File, Format Version 12.00
# Visual Studio Version 16
VisualStudioVersion = 25.0.1704.1
MinimumVisualStudioVersion = 10.0.40219.1
Project("{9A19103F-16F7-4668-BE54-9A1E7A4F7556}") = "Gorse.NET", "Gorse.NET\Gorse.NET.csproj", "{0CD5589D-0B23-4AE5-8F81-8292C799B8B0}"
EndProject
Project("{9A19103F-16F7-4668-BE54-9A1E7A4F7556}") = "Gorse.NET.Tests", "Gorse.NET.Tests\Gorse.NET.Tests.csproj", "{BBDE8302-8E94-48A3-B4D8-AB0F589561B2}"
EndProject
Global
	GlobalSection(SolutionConfigurationPlatforms) = preSolution
		Debug|Any CPU = Debug|Any CPU
		Release|Any CPU = Release|Any CPU
	EndGlobalSection
	GlobalSection(ProjectConfigurationPlatforms) = postSolution
		{0CD5589D-0B23-4AE5-8F81-8292C799B8B0}.Debug|Any CPU.ActiveCfg = Debug|Any CPU
		{0CD5589D-0B23-4AE5-8F81-8292C799B8B0}.Debug|Any CPU.Build.0 = Debug|Any CPU
		{0CD5589D-0B23-4AE5-8F81-8292C799B8B0}.Release|Any CPU.ActiveCfg = Release|Any CPU
		{0CD5589D-0B23-4AE5-8F81-8292C799B8B0}.Release|Any CPU.Build.0 = Release|Any CPU
		{BBDE8302-8E94-48A3-B4D8-AB0F589561B2}.Debug|Any CPU.ActiveCfg = Debug|Any CPU
		{BBDE8302-8E94-48A3-B4D8-AB0F589561B2}.Debug|Any CPU.Build.0 = Debug|Any CPU
		{BBDE8302-8E94-48A3-B4D8-AB0F589561B2}.Release|Any CPU.ActiveCfg = Release|Any CPU
		{BBDE8302-8E94-48A3-B4D8-AB0F589561B2}.Release|Any CPU.Build.0 = Release|Any CPU
	EndGlobalSection
	GlobalSection(SolutionProperties) = preSolution
		HideSolutionNode = FALSE
	EndGlobalSection
	GlobalSection(ExtensibilityGlobals) = postSolution
		SolutionGuid = {11413C09-B877-4153-85DE-705A35D98314}
	EndGlobalSection
EndGlobal
